
Microsoft Visual Studio Solution File, Format Version 12.00
# Visual Studio Version 17
VisualStudioVersion = 17.4.33110.190
MinimumVisualStudioVersion = 10.0.40219.1
Project("{8BC9CEB8-8B4A-11D0-8D11-00A0C91BC942}") = "Contest2", "Contest2\Contest2.vcxproj", "{68F34789-3E70-4B09-A78F-84539A0DF19F}"
EndProject
Project("{8BC9CEB8-8B4A-11D0-8D11-00A0C91BC942}") = "Lift", "Lift\Lift.vcxproj", "{F9B2FE18-8D2F-47D7-A38D-1F074A89AB3C}"
EndProject
Project("{8BC9CEB8-8B4A-11D0-8D11-00A0C91BC942}") = "Friends", "Friends\Friends.vcxproj", "{2C19D5D4-7852-4833-BE79-850C52391C68}"
EndProject
Project("{8BC9CEB8-8B4A-11D0-8D11-00A0C91BC942}") = "PiuPiu", "PiuPiu\PiuPiu.vcxproj", "{7A00159C-F03B-4C5C-A9DF-8D9B26929C1D}"
EndProject
Project("{8BC9CEB8-8B4A-11D0-8D11-00A0C91BC942}") = "MaxDist", "MaxDist\MaxDist.vcxproj", "{4B93C6FF-EE27-4BDD-B4C5-4E5DA8A76036}"
EndProject
Project("{8BC9CEB8-8B4A-11D0-8D11-00A0C91BC942}") = "Lines", "Lines\Lines.vcxproj", "{9EA5D44F-D187-4FA4-93B0-81C34F8CB576}"
EndProject
Project("{8BC9CEB8-8B4A-11D0-8D11-00A0C91BC942}") = "Coins", "Coins\Coins.vcxproj", "{0B83639F-59A9-4D15-993E-9E1570FC7620}"
EndProject
Project("{8BC9CEB8-8B4A-11D0-8D11-00A0C91BC942}") = "Well", "Well\Well.vcxproj", "{C8E05F83-7D94-4401-9B7C-A2CE75EBD6C3}"
EndProject
Project("{8BC9CEB8-8B4A-11D0-8D11-00A0C91BC942}") = "Bog", "Bog\Bog.vcxproj", "{04738BA1-BEE7-4074-BB41-3EB4113E4BC8}"
EndProject
Project("{8BC9CEB8-8B4A-11D0-8D11-00A0C91BC942}") = "PiuPiuAnswer", "PiuPiuAnswer\PiuPiuAnswer.vcxproj", "{97832216-7C5E-48D1-B023-E4DBD308CE6C}"
EndProject
Global
	GlobalSection(SolutionConfigurationPlatforms) = preSolution
		Debug|x64 = Debug|x64
		Debug|x86 = Debug|x86
		Release|x64 = Release|x64
		Release|x86 = Release|x86
	EndGlobalSection
	GlobalSection(ProjectConfigurationPlatforms) = postSolution
		{68F34789-3E70-4B09-A78F-84539A0DF19F}.Debug|x64.ActiveCfg = Debug|x64
		{68F34789-3E70-4B09-A78F-84539A0DF19F}.Debug|x64.Build.0 = Debug|x64
		{68F34789-3E70-4B09-A78F-84539A0DF19F}.Debug|x86.ActiveCfg = Debug|Win32
		{68F34789-3E70-4B09-A78F-84539A0DF19F}.Debug|x86.Build.0 = Debug|Win32
		{68F34789-3E70-4B09-A78F-84539A0DF19F}.Release|x64.ActiveCfg = Release|x64
		{68F34789-3E70-4B09-A78F-84539A0DF19F}.Release|x64.Build.0 = Release|x64
		{68F34789-3E70-4B09-A78F-84539A0DF19F}.Release|x86.ActiveCfg = Release|Win32
		{68F34789-3E70-4B09-A78F-84539A0DF19F}.Release|x86.Build.0 = Release|Win32
		{F9B2FE18-8D2F-47D7-A38D-1F074A89AB3C}.Debug|x64.ActiveCfg = Debug|x64
		{F9B2FE18-8D2F-47D7-A38D-1F074A89AB3C}.Debug|x64.Build.0 = Debug|x64
		{F9B2FE18-8D2F-47D7-A38D-1F074A89AB3C}.Debug|x86.ActiveCfg = Debug|Win32
		{F9B2FE18-8D2F-47D7-A38D-1F074A89AB3C}.Debug|x86.Build.0 = Debug|Win32
		{F9B2FE18-8D2F-47D7-A38D-1F074A89AB3C}.Release|x64.ActiveCfg = Release|x64
		{F9B2FE18-8D2F-47D7-A38D-1F074A89AB3C}.Release|x64.Build.0 = Release|x64
		{F9B2FE18-8D2F-47D7-A38D-1F074A89AB3C}.Release|x86.ActiveCfg = Release|Win32
		{F9B2FE18-8D2F-47D7-A38D-1F074A89AB3C}.Release|x86.Build.0 = Release|Win32
		{2C19D5D4-7852-4833-BE79-850C52391C68}.Debug|x64.ActiveCfg = Debug|x64
		{2C19D5D4-7852-4833-BE79-850C52391C68}.Debug|x64.Build.0 = Debug|x64
		{2C19D5D4-7852-4833-BE79-850C52391C68}.Debug|x86.ActiveCfg = Debug|Win32
		{2C19D5D4-7852-4833-BE79-850C52391C68}.Debug|x86.Build.0 = Debug|Win32
		{2C19D5D4-7852-4833-BE79-850C52391C68}.Release|x64.ActiveCfg = Release|x64
		{2C19D5D4-7852-4833-BE79-850C52391C68}.Release|x64.Build.0 = Release|x64
		{2C19D5D4-7852-4833-BE79-850C52391C68}.Release|x86.ActiveCfg = Release|Win32
		{2C19D5D4-7852-4833-BE79-850C52391C68}.Release|x86.Build.0 = Release|Win32
		{7A00159C-F03B-4C5C-A9DF-8D9B26929C1D}.Debug|x64.ActiveCfg = Debug|x64
		{7A00159C-F03B-4C5C-A9DF-8D9B26929C1D}.Debug|x64.Build.0 = Debug|x64
		{7A00159C-F03B-4C5C-A9DF-8D9B26929C1D}.Debug|x86.ActiveCfg = Debug|Win32
		{7A00159C-F03B-4C5C-A9DF-8D9B26929C1D}.Debug|x86.Build.0 = Debug|Win32
		{7A00159C-F03B-4C5C-A9DF-8D9B26929C1D}.Release|x64.ActiveCfg = Release|x64
		{7A00159C-F03B-4C5C-A9DF-8D9B26929C1D}.Release|x64.Build.0 = Release|x64
		{7A00159C-F03B-4C5C-A9DF-8D9B26929C1D}.Release|x86.ActiveCfg = Release|Win32
		{7A00159C-F03B-4C5C-A9DF-8D9B26929C1D}.Release|x86.Build.0 = Release|Win32
		{4B93C6FF-EE27-4BDD-B4C5-4E5DA8A76036}.Debug|x64.ActiveCfg = Debug|x64
		{4B93C6FF-EE27-4BDD-B4C5-4E5DA8A76036}.Debug|x64.Build.0 = Debug|x64
		{4B93C6FF-EE27-4BDD-B4C5-4E5DA8A76036}.Debug|x86.ActiveCfg = Debug|Win32
		{4B93C6FF-EE27-4BDD-B4C5-4E5DA8A76036}.Debug|x86.Build.0 = Debug|Win32
		{4B93C6FF-EE27-4BDD-B4C5-4E5DA8A76036}.Release|x64.ActiveCfg = Release|x64
		{4B93C6FF-EE27-4BDD-B4C5-4E5DA8A76036}.Release|x64.Build.0 = Release|x64
		{4B93C6FF-EE27-4BDD-B4C5-4E5DA8A76036}.Release|x86.ActiveCfg = Release|Win32
		{4B93C6FF-EE27-4BDD-B4C5-4E5DA8A76036}.Release|x86.Build.0 = Release|Win32
		{9EA5D44F-D187-4FA4-93B0-81C34F8CB576}.Debug|x64.ActiveCfg = Debug|x64
		{9EA5D44F-D187-4FA4-93B0-81C34F8CB576}.Debug|x64.Build.0 = Debug|x64
		{9EA5D44F-D187-4FA4-93B0-81C34F8CB576}.Debug|x86.ActiveCfg = Debug|Win32
		{9EA5D44F-D187-4FA4-93B0-81C34F8CB576}.Debug|x86.Build.0 = Debug|Win32
		{9EA5D44F-D187-4FA4-93B0-81C34F8CB576}.Release|x64.ActiveCfg = Release|x64
		{9EA5D44F-D187-4FA4-93B0-81C34F8CB576}.Release|x64.Build.0 = Release|x64
		{9EA5D44F-D187-4FA4-93B0-81C34F8CB576}.Release|x86.ActiveCfg = Release|Win32
		{9EA5D44F-D187-4FA4-93B0-81C34F8CB576}.Release|x86.Build.0 = Release|Win32
		{0B83639F-59A9-4D15-993E-9E1570FC7620}.Debug|x64.ActiveCfg = Debug|x64
		{0B83639F-59A9-4D15-993E-9E1570FC7620}.Debug|x64.Build.0 = Debug|x64
		{0B83639F-59A9-4D15-993E-9E1570FC7620}.Debug|x86.ActiveCfg = Debug|Win32
		{0B83639F-59A9-4D15-993E-9E1570FC7620}.Debug|x86.Build.0 = Debug|Win32
		{0B83639F-59A9-4D15-993E-9E1570FC7620}.Release|x64.ActiveCfg = Release|x64
		{0B83639F-59A9-4D15-993E-9E1570FC7620}.Release|x64.Build.0 = Release|x64
		{0B83639F-59A9-4D15-993E-9E1570FC7620}.Release|x86.ActiveCfg = Release|Win32
		{0B83639F-59A9-4D15-993E-9E1570FC7620}.Release|x86.Build.0 = Release|Win32
		{C8E05F83-7D94-4401-9B7C-A2CE75EBD6C3}.Debug|x64.ActiveCfg = Debug|x64
		{C8E05F83-7D94-4401-9B7C-A2CE75EBD6C3}.Debug|x64.Build.0 = Debug|x64
		{C8E05F83-7D94-4401-9B7C-A2CE75EBD6C3}.Debug|x86.ActiveCfg = Debug|Win32
		{C8E05F83-7D94-4401-9B7C-A2CE75EBD6C3}.Debug|x86.Build.0 = Debug|Win32
		{C8E05F83-7D94-4401-9B7C-A2CE75EBD6C3}.Release|x64.ActiveCfg = Release|x64
		{C8E05F83-7D94-4401-9B7C-A2CE75EBD6C3}.Release|x64.Build.0 = Release|x64
		{C8E05F83-7D94-4401-9B7C-A2CE75EBD6C3}.Release|x86.ActiveCfg = Release|Win32
		{C8E05F83-7D94-4401-9B7C-A2CE75EBD6C3}.Release|x86.Build.0 = Release|Win32
		{04738BA1-BEE7-4074-BB41-3EB4113E4BC8}.Debug|x64.ActiveCfg = Debug|x64
		{04738BA1-BEE7-4074-BB41-3EB4113E4BC8}.Debug|x64.Build.0 = Debug|x64
		{04738BA1-BEE7-4074-BB41-3EB4113E4BC8}.Debug|x86.ActiveCfg = Debug|Win32
		{04738BA1-BEE7-4074-BB41-3EB4113E4BC8}.Debug|x86.Build.0 = Debug|Win32
		{04738BA1-BEE7-4074-BB41-3EB4113E4BC8}.Release|x64.ActiveCfg = Release|x64
		{04738BA1-BEE7-4074-BB41-3EB4113E4BC8}.Release|x64.Build.0 = Release|x64
		{04738BA1-BEE7-4074-BB41-3EB4113E4BC8}.Release|x86.ActiveCfg = Release|Win32
		{04738BA1-BEE7-4074-BB41-3EB4113E4BC8}.Release|x86.Build.0 = Release|Win32
		{97832216-7C5E-48D1-B023-E4DBD308CE6C}.Debug|x64.ActiveCfg = Debug|x64
		{97832216-7C5E-48D1-B023-E4DBD308CE6C}.Debug|x64.Build.0 = Debug|x64
		{97832216-7C5E-48D1-B023-E4DBD308CE6C}.Debug|x86.ActiveCfg = Debug|Win32
		{97832216-7C5E-48D1-B023-E4DBD308CE6C}.Debug|x86.Build.0 = Debug|Win32
		{97832216-7C5E-48D1-B023-E4DBD308CE6C}.Release|x64.ActiveCfg = Release|x64
		{97832216-7C5E-48D1-B023-E4DBD308CE6C}.Release|x64.Build.0 = Release|x64
		{97832216-7C5E-48D1-B023-E4DBD308CE6C}.Release|x86.ActiveCfg = Release|Win32
		{97832216-7C5E-48D1-B023-E4DBD308CE6C}.Release|x86.Build.0 = Release|Win32
	EndGlobalSection
	GlobalSection(SolutionProperties) = preSolution
		HideSolutionNode = FALSE
	EndGlobalSection
	GlobalSection(ExtensibilityGlobals) = postSolution
		SolutionGuid = {ADA84275-F56C-47CB-8A69-E859B7C8069F}
	EndGlobalSection
EndGlobal
